
Microsoft Visual Studio Solution File, Format Version 12.00
# Visual Studio Version 16
VisualStudioVersion = 16.0.29911.84
MinimumVisualStudioVersion = 10.0.40219.1
Project("{FAE04EC0-301F-11D3-BF4B-00C04F79EFBC}") = "RallyAPI", "RallyAPI.csproj", "{1D174A79-9981-40F1-80A2-76C38497DA40}"
EndProject
Global
	GlobalSection(SolutionConfigurationPlatforms) = preSolution
		Debug|Any CPU = Debug|Any CPU
		Release|Any CPU = Release|Any CPU
	EndGlobalSection
	GlobalSection(ProjectConfigurationPlatforms) = postSolution
		{1D174A79-9981-40F1-80A2-76C38497DA40}.Debug|Any CPU.ActiveCfg = Debug|Any CPU
		{1D174A79-9981-40F1-80A2-76C38497DA40}.Debug|Any CPU.Build.0 = Debug|Any CPU
		{1D174A79-9981-40F1-80A2-76C38497DA40}.Release|Any CPU.ActiveCfg = Release|Any CPU
		{1D174A79-9981-40F1-80A2-76C38497DA40}.Release|Any CPU.Build.0 = Release|Any CPU
	EndGlobalSection
	GlobalSection(SolutionProperties) = preSolution
		HideSolutionNode = FALSE
	EndGlobalSection
	GlobalSection(ExtensibilityGlobals) = postSolution
		SolutionGuid = {C3974A28-BDB7-41C4-801D-EF19BFF17115}
	EndGlobalSection
EndGlobal
